<Solution>
  <Project Path="AdapterTests.csproj" />
  <Project Path="2_Tests.csproj" />
  <Project Path="Adapter.csproj" />
  <Project Path="DomainTests.csproj" />
  <Project Path="App.csproj" />
  <Project Path="Domain.csproj" />
  <Project Path="Assembly-CSharp-Editor.csproj" />
  <Project Path="Application.csproj" />
  <Project Path="Sirenix.OdinInspector.Modules.UnityMathematics.csproj" />
</Solution>
